
Microsoft Visual Studio Solution File, Format Version 12.00
# Visual Studio Version 17
VisualStudioVersion = 17.0.31903.59
MinimumVisualStudioVersion = 10.0.40219.1
Project("{FAE04EC0-301F-11D3-BF4B-00C04F79EFBC}") = "DataEditor.Core", "DataEditor.Core\DataEditor.Core.csproj", "{CEBB7C8D-9431-4DA9-BB35-49FE6F9F8388}"
EndProject
Project("{FAE04EC0-301F-11D3-BF4B-00C04F79EFBC}") = "DataEditor", "DataEditor\DataEditor.csproj", "{82BAC3B4-78F0-4B2B-9B8B-731F9C25257A}"
EndProject
Project("{FAE04EC0-301F-11D3-BF4B-00C04F79EFBC}") = "DataEditor.Tests", "DataEditor.Tests\DataEditor.Tests.csproj", "{53BA5FA8-6A41-4855-8770-57F56B30FFCA}"
EndProject
Global
	GlobalSection(SolutionConfigurationPlatforms) = preSolution
		Debug|Any CPU = Debug|Any CPU
		Debug|x64 = Debug|x64
		Debug|x86 = Debug|x86
		Release|Any CPU = Release|Any CPU
		Release|x64 = Release|x64
		Release|x86 = Release|x86
	EndGlobalSection
	GlobalSection(ProjectConfigurationPlatforms) = postSolution
		{CEBB7C8D-9431-4DA9-BB35-49FE6F9F8388}.Debug|Any CPU.ActiveCfg = Debug|Any CPU
		{CEBB7C8D-9431-4DA9-BB35-49FE6F9F8388}.Debug|Any CPU.Build.0 = Debug|Any CPU
		{CEBB7C8D-9431-4DA9-BB35-49FE6F9F8388}.Debug|x64.ActiveCfg = Debug|Any CPU
		{CEBB7C8D-9431-4DA9-BB35-49FE6F9F8388}.Debug|x64.Build.0 = Debug|Any CPU
		{CEBB7C8D-9431-4DA9-BB35-49FE6F9F8388}.Debug|x86.ActiveCfg = Debug|Any CPU
		{CEBB7C8D-9431-4DA9-BB35-49FE6F9F8388}.Debug|x86.Build.0 = Debug|Any CPU
		{CEBB7C8D-9431-4DA9-BB35-49FE6F9F8388}.Release|Any CPU.ActiveCfg = Release|Any CPU
		{CEBB7C8D-9431-4DA9-BB35-49FE6F9F8388}.Release|Any CPU.Build.0 = Release|Any CPU
		{CEBB7C8D-9431-4DA9-BB35-49FE6F9F8388}.Release|x64.ActiveCfg = Release|Any CPU
		{CEBB7C8D-9431-4DA9-BB35-49FE6F9F8388}.Release|x64.Build.0 = Release|Any CPU
		{CEBB7C8D-9431-4DA9-BB35-49FE6F9F8388}.Release|x86.ActiveCfg = Release|Any CPU
		{CEBB7C8D-9431-4DA9-BB35-49FE6F9F8388}.Release|x86.Build.0 = Release|Any CPU
		{82BAC3B4-78F0-4B2B-9B8B-731F9C25257A}.Debug|Any CPU.ActiveCfg = Debug|Any CPU
		{82BAC3B4-78F0-4B2B-9B8B-731F9C25257A}.Debug|Any CPU.Build.0 = Debug|Any CPU
		{82BAC3B4-78F0-4B2B-9B8B-731F9C25257A}.Debug|x64.ActiveCfg = Debug|Any CPU
		{82BAC3B4-78F0-4B2B-9B8B-731F9C25257A}.Debug|x64.Build.0 = Debug|Any CPU
		{82BAC3B4-78F0-4B2B-9B8B-731F9C25257A}.Debug|x86.ActiveCfg = Debug|Any CPU
		{82BAC3B4-78F0-4B2B-9B8B-731F9C25257A}.Debug|x86.Build.0 = Debug|Any CPU
		{82BAC3B4-78F0-4B2B-9B8B-731F9C25257A}.Release|Any CPU.ActiveCfg = Release|Any CPU
		{82BAC3B4-78F0-4B2B-9B8B-731F9C25257A}.Release|Any CPU.Build.0 = Release|Any CPU
		{82BAC3B4-78F0-4B2B-9B8B-731F9C25257A}.Release|x64.ActiveCfg = Release|Any CPU
		{82BAC3B4-78F0-4B2B-9B8B-731F9C25257A}.Release|x64.Build.0 = Release|Any CPU
		{82BAC3B4-78F0-4B2B-9B8B-731F9C25257A}.Release|x86.ActiveCfg = Release|Any CPU
		{82BAC3B4-78F0-4B2B-9B8B-731F9C25257A}.Release|x86.Build.0 = Release|Any CPU
		{53BA5FA8-6A41-4855-8770-57F56B30FFCA}.Debug|Any CPU.ActiveCfg = Debug|Any CPU
		{53BA5FA8-6A41-4855-8770-57F56B30FFCA}.Debug|Any CPU.Build.0 = Debug|Any CPU
		{53BA5FA8-6A41-4855-8770-57F56B30FFCA}.Debug|x64.ActiveCfg = Debug|Any CPU
		{53BA5FA8-6A41-4855-8770-57F56B30FFCA}.Debug|x64.Build.0 = Debug|Any CPU
		{53BA5FA8-6A41-4855-8770-57F56B30FFCA}.Debug|x86.ActiveCfg = Debug|Any CPU
		{53BA5FA8-6A41-4855-8770-57F56B30FFCA}.Debug|x86.Build.0 = Debug|Any CPU
		{53BA5FA8-6A41-4855-8770-57F56B30FFCA}.Release|Any CPU.ActiveCfg = Release|Any CPU
		{53BA5FA8-6A41-4855-8770-57F56B30FFCA}.Release|Any CPU.Build.0 = Release|Any CPU
		{53BA5FA8-6A41-4855-8770-57F56B30FFCA}.Release|x64.ActiveCfg = Release|Any CPU
		{53BA5FA8-6A41-4855-8770-57F56B30FFCA}.Release|x64.Build.0 = Release|Any CPU
		{53BA5FA8-6A41-4855-8770-57F56B30FFCA}.Release|x86.ActiveCfg = Release|Any CPU
		{53BA5FA8-6A41-4855-8770-57F56B30FFCA}.Release|x86.Build.0 = Release|Any CPU
	EndGlobalSection
	GlobalSection(SolutionProperties) = preSolution
		HideSolutionNode = FALSE
	EndGlobalSection
EndGlobal
