<?xml version="1.0" encoding="utf-8"?>
<Project ToolsVersion="4.0" xmlns="http://schemas.microsoft.com/developer/msbuild/2003">
  <ItemGroup>
    <Filter Include="Game">
      <UniqueIdentifier>{1a000000-0000-0000-0000-000000000001}</UniqueIdentifier>
    </Filter>
    <Filter Include="Network">
      <UniqueIdentifier>{1a000000-0000-0000-0000-000000000002}</UniqueIdentifier>
    </Filter>
    <Filter Include="Handler">
      <UniqueIdentifier>{1a000000-0000-0000-0000-000000000003}</UniqueIdentifier>
    </Filter>
    <Filter Include="Render">
      <UniqueIdentifier>{1a000000-0000-0000-0000-000000000004}</UniqueIdentifier>
    </Filter>
    <Filter Include="ThirdParty">
      <UniqueIdentifier>{1a000000-0000-0000-0000-000000000005}</UniqueIdentifier>
    </Filter>
    <Filter Include="ThirdParty\imgui">
      <UniqueIdentifier>{1a000000-0000-0000-0000-000000000006}</UniqueIdentifier>
    </Filter>
    <Filter Include="ThirdParty\imgui\backends">
      <UniqueIdentifier>{1a000000-0000-0000-0000-000000000007}</UniqueIdentifier>
    </Filter>
  </ItemGroup>
  <ItemGroup>
    <ClInclude Include="Game\LocalPlayer.h">
      <Filter>Game</Filter>
    </ClInclude>
    <ClInclude Include="Game\PortalLayout.h">
      <Filter>Game</Filter>
    </ClInclude>
    <ClInclude Include="Game\GameState.h">
      <Filter>Game</Filter>
    </ClInclude>
    <ClInclude Include="Network\ClientSocket.h">
      <Filter>Network</Filter>
    </ClInclude>
    <ClInclude Include="Handler\PacketProcessor.h">
      <Filter>Handler</Filter>
    </ClInclude>
    <ClInclude Include="Render\GameRenderer.h">
      <Filter>Render</Filter>
    </ClInclude>
    <ClInclude Include="pch_gameclient.h" />
    <ClInclude Include="..\ThirdParty\imgui\imgui.h">
      <Filter>ThirdParty\imgui</Filter>
    </ClInclude>
    <ClInclude Include="..\ThirdParty\imgui\backends\imgui_impl_win32.h">
      <Filter>ThirdParty\imgui\backends</Filter>
    </ClInclude>
    <ClInclude Include="..\ThirdParty\imgui\backends\imgui_impl_dx11.h">
      <Filter>ThirdParty\imgui\backends</Filter>
    </ClInclude>
  </ItemGroup>
  <ItemGroup>
    <ClCompile Include="Game\LocalPlayer.cpp">
      <Filter>Game</Filter>
    </ClCompile>
    <ClCompile Include="Game\PortalLayout.cpp">
      <Filter>Game</Filter>
    </ClCompile>
    <ClCompile Include="Game\GameState.cpp">
      <Filter>Game</Filter>
    </ClCompile>
    <ClCompile Include="Network\ClientSocket.cpp">
      <Filter>Network</Filter>
    </ClCompile>
    <ClCompile Include="Handler\PacketProcessor.cpp">
      <Filter>Handler</Filter>
    </ClCompile>
    <ClCompile Include="Render\GameRenderer.cpp">
      <Filter>Render</Filter>
    </ClCompile>
    <ClCompile Include="main.cpp" />
    <ClCompile Include="pch_gameclient.cpp" />
    <ClCompile Include="..\ThirdParty\imgui\imgui.cpp">
      <Filter>ThirdParty\imgui</Filter>
    </ClCompile>
    <ClCompile Include="..\ThirdParty\imgui\imgui_draw.cpp">
      <Filter>ThirdParty\imgui</Filter>
    </ClCompile>
    <ClCompile Include="..\ThirdParty\imgui\imgui_tables.cpp">
      <Filter>ThirdParty\imgui</Filter>
    </ClCompile>
    <ClCompile Include="..\ThirdParty\imgui\imgui_widgets.cpp">
      <Filter>ThirdParty\imgui</Filter>
    </ClCompile>
    <ClCompile Include="..\ThirdParty\imgui\backends\imgui_impl_win32.cpp">
      <Filter>ThirdParty\imgui\backends</Filter>
    </ClCompile>
    <ClCompile Include="..\ThirdParty\imgui\backends\imgui_impl_dx11.cpp">
      <Filter>ThirdParty\imgui\backends</Filter>
    </ClCompile>
  </ItemGroup>
</Project>
