
Microsoft Visual Studio Solution File, Format Version 12.00
# Visual Studio Version 17
VisualStudioVersion = 17.13.35919.96
MinimumVisualStudioVersion = 10.0.40219.1
Project("{8BC9CEB8-8B4A-11D0-8D11-00A0C91BC942}") = "GameServer", "GameServer\GameServer.vcxproj", "{91C1C7D4-F617-4D64-92F1-3E88B309B668}"
EndProject
Project("{8BC9CEB8-8B4A-11D0-8D11-00A0C91BC942}") = "GameClient", "GameClient\GameClient.vcxproj", "{A4811403-071A-4A7F-BD96-9E53D231525C}"
	ProjectSection(ProjectDependencies) = postProject
		{91C1C7D4-F617-4D64-92F1-3E88B309B668} = {91C1C7D4-F617-4D64-92F1-3E88B309B668}
	EndProjectSection
EndProject
Project("{8BC9CEB8-8B4A-11D0-8D11-00A0C91BC942}") = "DummyClient", "DummyClient\DummyClient.vcxproj", "{93728A08-5D76-4E8B-A858-AE79B67870BF}"
EndProject
Project("{8BC9CEB8-8B4A-11D0-8D11-00A0C91BC942}") = "Tests", "Tests\Tests.vcxproj", "{F504F923-F24F-4FC3-A824-A6E453FF51B3}"
	ProjectSection(ProjectDependencies) = postProject
		{91C1C7D4-F617-4D64-92F1-3E88B309B668} = {91C1C7D4-F617-4D64-92F1-3E88B309B668}
	EndProjectSection
EndProject
Project("{8BC9CEB8-8B4A-11D0-8D11-00A0C91BC942}") = "ServerApp", "ServerApp\ServerApp.vcxproj", "{75ABA8B8-0209-44DD-BD9E-711D4CA66CD5}"
	ProjectSection(ProjectDependencies) = postProject
		{1606C912-CA71-4495-9E68-9BE629A01468} = {1606C912-CA71-4495-9E68-9BE629A01468}
		{91C1C7D4-F617-4D64-92F1-3E88B309B668} = {91C1C7D4-F617-4D64-92F1-3E88B309B668}
	EndProjectSection
EndProject
Project("{8BC9CEB8-8B4A-11D0-8D11-00A0C91BC942}") = "GameCommon", "GameCommon\GameCommon.vcxproj", "{1606C912-CA71-4495-9E68-9BE629A01468}"
EndProject
Project("{8BC9CEB8-8B4A-11D0-8D11-00A0C91BC942}") = "LoginServer", "LoginServer\LoginServer.vcxproj", "{1B624E31-5152-4980-BF54-A87C86D28534}"
	ProjectSection(ProjectDependencies) = postProject
		{1606C912-CA71-4495-9E68-9BE629A01468} = {1606C912-CA71-4495-9E68-9BE629A01468}
		{91C1C7D4-F617-4D64-92F1-3E88B309B668} = {91C1C7D4-F617-4D64-92F1-3E88B309B668}
	EndProjectSection
EndProject
Global
	GlobalSection(SolutionConfigurationPlatforms) = preSolution
		Debug|x64 = Debug|x64
		Debug|x86 = Debug|x86
		Release|x64 = Release|x64
		Release|x86 = Release|x86
	EndGlobalSection
	GlobalSection(ProjectConfigurationPlatforms) = postSolution
		{91C1C7D4-F617-4D64-92F1-3E88B309B668}.Debug|x64.ActiveCfg = Debug|x64
		{91C1C7D4-F617-4D64-92F1-3E88B309B668}.Debug|x64.Build.0 = Debug|x64
		{91C1C7D4-F617-4D64-92F1-3E88B309B668}.Debug|x86.ActiveCfg = Debug|Win32
		{91C1C7D4-F617-4D64-92F1-3E88B309B668}.Debug|x86.Build.0 = Debug|Win32
		{91C1C7D4-F617-4D64-92F1-3E88B309B668}.Release|x64.ActiveCfg = Release|x64
		{91C1C7D4-F617-4D64-92F1-3E88B309B668}.Release|x64.Build.0 = Release|x64
		{91C1C7D4-F617-4D64-92F1-3E88B309B668}.Release|x86.ActiveCfg = Release|Win32
		{91C1C7D4-F617-4D64-92F1-3E88B309B668}.Release|x86.Build.0 = Release|Win32
		{A4811403-071A-4A7F-BD96-9E53D231525C}.Debug|x64.ActiveCfg = Debug|x64
		{A4811403-071A-4A7F-BD96-9E53D231525C}.Debug|x64.Build.0 = Debug|x64
		{A4811403-071A-4A7F-BD96-9E53D231525C}.Debug|x86.ActiveCfg = Debug|Win32
		{A4811403-071A-4A7F-BD96-9E53D231525C}.Debug|x86.Build.0 = Debug|Win32
		{A4811403-071A-4A7F-BD96-9E53D231525C}.Release|x64.ActiveCfg = Release|x64
		{A4811403-071A-4A7F-BD96-9E53D231525C}.Release|x64.Build.0 = Release|x64
		{A4811403-071A-4A7F-BD96-9E53D231525C}.Release|x86.ActiveCfg = Release|Win32
		{A4811403-071A-4A7F-BD96-9E53D231525C}.Release|x86.Build.0 = Release|Win32
		{93728A08-5D76-4E8B-A858-AE79B67870BF}.Debug|x64.ActiveCfg = Debug|x64
		{93728A08-5D76-4E8B-A858-AE79B67870BF}.Debug|x64.Build.0 = Debug|x64
		{93728A08-5D76-4E8B-A858-AE79B67870BF}.Debug|x86.ActiveCfg = Debug|Win32
		{93728A08-5D76-4E8B-A858-AE79B67870BF}.Debug|x86.Build.0 = Debug|Win32
		{93728A08-5D76-4E8B-A858-AE79B67870BF}.Release|x64.ActiveCfg = Release|x64
		{93728A08-5D76-4E8B-A858-AE79B67870BF}.Release|x64.Build.0 = Release|x64
		{93728A08-5D76-4E8B-A858-AE79B67870BF}.Release|x86.ActiveCfg = Release|Win32
		{93728A08-5D76-4E8B-A858-AE79B67870BF}.Release|x86.Build.0 = Release|Win32
		{F504F923-F24F-4FC3-A824-A6E453FF51B3}.Debug|x64.ActiveCfg = Debug|x64
		{F504F923-F24F-4FC3-A824-A6E453FF51B3}.Debug|x64.Build.0 = Debug|x64
		{F504F923-F24F-4FC3-A824-A6E453FF51B3}.Debug|x86.ActiveCfg = Debug|Win32
		{F504F923-F24F-4FC3-A824-A6E453FF51B3}.Debug|x86.Build.0 = Debug|Win32
		{F504F923-F24F-4FC3-A824-A6E453FF51B3}.Release|x64.ActiveCfg = Release|x64
		{F504F923-F24F-4FC3-A824-A6E453FF51B3}.Release|x64.Build.0 = Release|x64
		{F504F923-F24F-4FC3-A824-A6E453FF51B3}.Release|x86.ActiveCfg = Release|Win32
		{F504F923-F24F-4FC3-A824-A6E453FF51B3}.Release|x86.Build.0 = Release|Win32
		{75ABA8B8-0209-44DD-BD9E-711D4CA66CD5}.Debug|x64.ActiveCfg = Debug|x64
		{75ABA8B8-0209-44DD-BD9E-711D4CA66CD5}.Debug|x64.Build.0 = Debug|x64
		{75ABA8B8-0209-44DD-BD9E-711D4CA66CD5}.Debug|x86.ActiveCfg = Debug|Win32
		{75ABA8B8-0209-44DD-BD9E-711D4CA66CD5}.Debug|x86.Build.0 = Debug|Win32
		{75ABA8B8-0209-44DD-BD9E-711D4CA66CD5}.Release|x64.ActiveCfg = Release|x64
		{75ABA8B8-0209-44DD-BD9E-711D4CA66CD5}.Release|x64.Build.0 = Release|x64
		{75ABA8B8-0209-44DD-BD9E-711D4CA66CD5}.Release|x86.ActiveCfg = Release|Win32
		{75ABA8B8-0209-44DD-BD9E-711D4CA66CD5}.Release|x86.Build.0 = Release|Win32
		{1606C912-CA71-4495-9E68-9BE629A01468}.Debug|x64.ActiveCfg = Debug|x64
		{1606C912-CA71-4495-9E68-9BE629A01468}.Debug|x64.Build.0 = Debug|x64
		{1606C912-CA71-4495-9E68-9BE629A01468}.Debug|x86.ActiveCfg = Debug|Win32
		{1606C912-CA71-4495-9E68-9BE629A01468}.Debug|x86.Build.0 = Debug|Win32
		{1606C912-CA71-4495-9E68-9BE629A01468}.Release|x64.ActiveCfg = Release|x64
		{1606C912-CA71-4495-9E68-9BE629A01468}.Release|x64.Build.0 = Release|x64
		{1606C912-CA71-4495-9E68-9BE629A01468}.Release|x86.ActiveCfg = Release|Win32
		{1606C912-CA71-4495-9E68-9BE629A01468}.Release|x86.Build.0 = Release|Win32
		{1B624E31-5152-4980-BF54-A87C86D28534}.Debug|x64.ActiveCfg = Debug|x64
		{1B624E31-5152-4980-BF54-A87C86D28534}.Debug|x64.Build.0 = Debug|x64
		{1B624E31-5152-4980-BF54-A87C86D28534}.Debug|x86.ActiveCfg = Debug|Win32
		{1B624E31-5152-4980-BF54-A87C86D28534}.Debug|x86.Build.0 = Debug|Win32
		{1B624E31-5152-4980-BF54-A87C86D28534}.Release|x64.ActiveCfg = Release|x64
		{1B624E31-5152-4980-BF54-A87C86D28534}.Release|x64.Build.0 = Release|x64
		{1B624E31-5152-4980-BF54-A87C86D28534}.Release|x86.ActiveCfg = Release|Win32
		{1B624E31-5152-4980-BF54-A87C86D28534}.Release|x86.Build.0 = Release|Win32
	EndGlobalSection
	GlobalSection(SolutionProperties) = preSolution
		HideSolutionNode = FALSE
	EndGlobalSection
	GlobalSection(ExtensibilityGlobals) = postSolution
		SolutionGuid = {BFE97EA2-4B48-451B-8C5B-7B7A37CEA040}
	EndGlobalSection
EndGlobal
