<?xml version="1.0" encoding="utf-8"?>
<Project ToolsVersion="4.0" xmlns="http://schemas.microsoft.com/developer/msbuild/2003">
  <ItemGroup>
    <ClCompile Include="main.cpp" />
    <ClCompile Include="pch_serverapp.cpp" />
    <ClCompile Include="Game\Monster\Monster.cpp" />
    <ClCompile Include="Game\Path\PathfinderThread.cpp" />
    <ClCompile Include="Game\Monster\MonsterTable.cpp" />
    <ClCompile Include="Game\Monster\SpawnTable.cpp" />
    <ClCompile Include="Game\Player\Player.cpp" />
    <ClCompile Include="Game\World\Map.cpp" />
    <ClCompile Include="Game\World\Cell.cpp" />
    <ClCompile Include="Game\Item\Inventory.cpp" />
    <ClCompile Include="Game\Item\Item.cpp" />
    <ClCompile Include="Game\Item\GroundItem.cpp" />
    <ClCompile Include="Game\Item\DropTable.cpp" />
    <ClCompile Include="Game\Item\TradeState.cpp" />
    <ClCompile Include="Network\MainServer.cpp" />
    <ClCompile Include="Game\Channel\Channel.cpp" />
    <ClCompile Include="Game\Channel\ChannelManager.cpp" />
    <ClCompile Include="Game\Channel\ChannelWatchdog.cpp" />
    <ClCompile Include="SharedService\SharedServicesThread.cpp" />
    <ClCompile Include="SharedService\CrossChannelChat.cpp" />
    <ClCompile Include="DataBase\DBThread.cpp" />
    <ClCompile Include="DataBase\CsvDBProvider.cpp" />
    <ClCompile Include="Game\Channel\Jobs.cpp" />
    <ClCompile Include="Game\Session\GameSession.cpp" />
    <ClCompile Include="Game\GameObject.cpp" />
    <ClCompile Include="Game\World\MapManager.cpp" />
    <ClCompile Include="DataBase\DBCommands.cpp" />
    <ClCompile Include="DataBase\DBResultJob.cpp" />
    <ClCompile Include="Game\Combat\CombatFormula.cpp" />
    <ClCompile Include="SharedService\NameDirectoryJobs.cpp" />
    <ClCompile Include="Monitor\MetricExporter.cpp" />
    <ClCompile Include="Monitor\ServerMonitor.cpp" />
    <ClCompile Include="DataBase\MySqlDBProvider.cpp" />
    <ClCompile Include="Network\LoginLinkClient.cpp" />
    <ClCompile Include="Network\LoginLinkThread.cpp" />
  </ItemGroup>
  <ItemGroup>
    <ClInclude Include="pch_serverapp.h" />
    <ClInclude Include="Game\Monster\Monster.h" />
    <ClInclude Include="Game\Path\PathfinderThread.h" />
    <ClInclude Include="Game\Monster\MonsterTable.h" />
    <ClInclude Include="Game\Monster\SpawnTable.h" />
    <ClInclude Include="Game\Player\Player.h" />
    <ClInclude Include="Game\World\Map.h" />
    <ClInclude Include="Game\World\Cell.h" />
    <ClInclude Include="Game\Item\Inventory.h" />
    <ClInclude Include="Game\Item\Item.h" />
    <ClInclude Include="Game\Item\GroundItem.h" />
    <ClInclude Include="Game\Item\DropTable.h" />
    <ClInclude Include="Game\Item\TradeState.h" />
    <ClInclude Include="Network\MainServer.h" />
    <ClInclude Include="Game\Channel\Channel.h" />
    <ClInclude Include="Game\Channel\ChannelManager.h" />
    <ClInclude Include="Game\Channel\ChannelWatchdog.h" />
    <ClInclude Include="SharedService\SharedServicesThread.h" />
    <ClInclude Include="SharedService\CrossChannelChat.h" />
    <ClInclude Include="DataBase\DBThread.h" />
    <ClInclude Include="DataBase\DBResult.h" />
    <ClInclude Include="DataBase\IDBProvider.h" />
    <ClInclude Include="DataBase\CsvDBProvider.h" />
    <ClInclude Include="Game\Channel\IChannel.h" />
    <ClInclude Include="Game\Channel\Jobs.h" />
    <ClInclude Include="Game\Session\GameSession.h" />
    <ClInclude Include="Game\GameObject.h" />
    <ClInclude Include="Game\World\MapManager.h" />
    <ClInclude Include="DataBase\IDBCommand.h" />
    <ClInclude Include="DataBase\DBCommands.h" />
    <ClInclude Include="Game\Combat\CombatFormula.h" />
    <ClInclude Include="SharedService\NameDirectoryJobs.h" />
    <ClInclude Include="Monitor\MetricExporter.h" />
    <ClInclude Include="Monitor\ServerMonitor.h" />
    <ClInclude Include="DataBase\MySqlDBProvider.h" />
    <ClInclude Include="Network\LoginLinkClient.h" />
    <ClInclude Include="Network\LoginLinkThread.h" />
  </ItemGroup>
</Project>